
Microsoft Visual Studio Solution File, Format Version 12.00
# Visual Studio Version 16
VisualStudioVersion = 16.0.30907.101
MinimumVisualStudioVersion = 10.0.40219.1
Project("{FAE04EC0-301F-11D3-BF4B-00C04F79EFBC}") = "MealSaverApp", "MealSaverApp\MealSaverApp.csproj", "{857F11AB-9D77-4872-B7CA-34FED91A63E9}"
EndProject
Global
	GlobalSection(SolutionConfigurationPlatforms) = preSolution
		Debug|Any CPU = Debug|Any CPU
		Release|Any CPU = Release|Any CPU
	EndGlobalSection
	GlobalSection(ProjectConfigurationPlatforms) = postSolution
		{857F11AB-9D77-4872-B7CA-34FED91A63E9}.Debug|Any CPU.ActiveCfg = Debug|Any CPU
		{857F11AB-9D77-4872-B7CA-34FED91A63E9}.Debug|Any CPU.Build.0 = Debug|Any CPU
		{857F11AB-9D77-4872-B7CA-34FED91A63E9}.Release|Any CPU.ActiveCfg = Release|Any CPU
		{857F11AB-9D77-4872-B7CA-34FED91A63E9}.Release|Any CPU.Build.0 = Release|Any CPU
	EndGlobalSection
	GlobalSection(SolutionProperties) = preSolution
		HideSolutionNode = FALSE
	EndGlobalSection
	GlobalSection(ExtensibilityGlobals) = postSolution
		SolutionGuid = {5F07A3AA-7D8B-4091-BDC6-318934287B4E}
	EndGlobalSection
EndGlobal
